
Microsoft Visual Studio Solution File, Format Version 12.00
# Visual Studio Version 17
VisualStudioVersion = 17.7.34031.279
MinimumVisualStudioVersion = 10.0.40219.1
Project("{FAE04EC0-301F-11D3-BF4B-00C04F79EFBC}") = "calc2", "abcd\calc2.csproj", "{DD61794A-FEA4-4729-96F6-64EDD1657361}"
EndProject
Project("{FAE04EC0-301F-11D3-BF4B-00C04F79EFBC}") = "calc1", "abc\calc1.csproj", "{F19FED86-4218-42D5-B788-7DCB90C1AE71}"
EndProject
Project("{FAE04EC0-301F-11D3-BF4B-00C04F79EFBC}") = "OddEven", "ConsoleApp1\OddEven.csproj", "{51E1F2C9-F066-4AE4-BA85-959A0F587C98}"
EndProject
Project("{FAE04EC0-301F-11D3-BF4B-00C04F79EFBC}") = "triangles", "triangles2\triangles.csproj", "{44925B54-4E94-45AD-898F-9D0467E08780}"
EndProject
Project("{FAE04EC0-301F-11D3-BF4B-00C04F79EFBC}") = "massive1", "massive1\massive1.csproj", "{1F8E0E6A-4930-4FC3-91D4-F2919C218FEE}"
EndProject
Project("{FAE04EC0-301F-11D3-BF4B-00C04F79EFBC}") = "massive2", "massive2\massive2.csproj", "{59532A8C-4209-42D3-B685-9EC3B4D040BA}"
EndProject
Project("{FAE04EC0-301F-11D3-BF4B-00C04F79EFBC}") = "massive3", "massive3\massive3.csproj", "{3B204DC5-C1BC-41F7-9993-43592ED96FE9}"
EndProject
Project("{FAE04EC0-301F-11D3-BF4B-00C04F79EFBC}") = "massive4", "massive4\massive4.csproj", "{089CE055-3AFE-47C8-889B-9E067CC98368}"
EndProject
Project("{FAE04EC0-301F-11D3-BF4B-00C04F79EFBC}") = "Rabbish", "Rabbish\Rabbish.csproj", "{93EBBC0E-1FF4-42B0-98A4-D6D529D089CF}"
EndProject
Project("{FAE04EC0-301F-11D3-BF4B-00C04F79EFBC}") = "hw1", "hw1\hw1.csproj", "{C5AD46B6-F430-4AAC-B425-8ACB9BA49B13}"
EndProject
Project("{FAE04EC0-301F-11D3-BF4B-00C04F79EFBC}") = "hw2", "hw2\hw2.csproj", "{F4DB64C9-C36B-4989-A22D-8C417E76CD50}"
EndProject
Project("{FAE04EC0-301F-11D3-BF4B-00C04F79EFBC}") = "hwww1", "hwww1\hwww1.csproj", "{1ACC51AF-93E0-45B2-89D3-42471070C8F7}"
EndProject
Global
	GlobalSection(SolutionConfigurationPlatforms) = preSolution
		Debug|Any CPU = Debug|Any CPU
		Release|Any CPU = Release|Any CPU
	EndGlobalSection
	GlobalSection(ProjectConfigurationPlatforms) = postSolution
		{DD61794A-FEA4-4729-96F6-64EDD1657361}.Debug|Any CPU.ActiveCfg = Debug|Any CPU
		{DD61794A-FEA4-4729-96F6-64EDD1657361}.Debug|Any CPU.Build.0 = Debug|Any CPU
		{DD61794A-FEA4-4729-96F6-64EDD1657361}.Release|Any CPU.ActiveCfg = Release|Any CPU
		{DD61794A-FEA4-4729-96F6-64EDD1657361}.Release|Any CPU.Build.0 = Release|Any CPU
		{F19FED86-4218-42D5-B788-7DCB90C1AE71}.Debug|Any CPU.ActiveCfg = Debug|Any CPU
		{F19FED86-4218-42D5-B788-7DCB90C1AE71}.Debug|Any CPU.Build.0 = Debug|Any CPU
		{F19FED86-4218-42D5-B788-7DCB90C1AE71}.Release|Any CPU.ActiveCfg = Release|Any CPU
		{F19FED86-4218-42D5-B788-7DCB90C1AE71}.Release|Any CPU.Build.0 = Release|Any CPU
		{51E1F2C9-F066-4AE4-BA85-959A0F587C98}.Debug|Any CPU.ActiveCfg = Debug|Any CPU
		{51E1F2C9-F066-4AE4-BA85-959A0F587C98}.Debug|Any CPU.Build.0 = Debug|Any CPU
		{51E1F2C9-F066-4AE4-BA85-959A0F587C98}.Release|Any CPU.ActiveCfg = Release|Any CPU
		{51E1F2C9-F066-4AE4-BA85-959A0F587C98}.Release|Any CPU.Build.0 = Release|Any CPU
		{44925B54-4E94-45AD-898F-9D0467E08780}.Debug|Any CPU.ActiveCfg = Debug|Any CPU
		{44925B54-4E94-45AD-898F-9D0467E08780}.Debug|Any CPU.Build.0 = Debug|Any CPU
		{44925B54-4E94-45AD-898F-9D0467E08780}.Release|Any CPU.ActiveCfg = Release|Any CPU
		{44925B54-4E94-45AD-898F-9D0467E08780}.Release|Any CPU.Build.0 = Release|Any CPU
		{1F8E0E6A-4930-4FC3-91D4-F2919C218FEE}.Debug|Any CPU.ActiveCfg = Debug|Any CPU
		{1F8E0E6A-4930-4FC3-91D4-F2919C218FEE}.Debug|Any CPU.Build.0 = Debug|Any CPU
		{1F8E0E6A-4930-4FC3-91D4-F2919C218FEE}.Release|Any CPU.ActiveCfg = Release|Any CPU
		{1F8E0E6A-4930-4FC3-91D4-F2919C218FEE}.Release|Any CPU.Build.0 = Release|Any CPU
		{59532A8C-4209-42D3-B685-9EC3B4D040BA}.Debug|Any CPU.ActiveCfg = Debug|Any CPU
		{59532A8C-4209-42D3-B685-9EC3B4D040BA}.Debug|Any CPU.Build.0 = Debug|Any CPU
		{59532A8C-4209-42D3-B685-9EC3B4D040BA}.Release|Any CPU.ActiveCfg = Release|Any CPU
		{59532A8C-4209-42D3-B685-9EC3B4D040BA}.Release|Any CPU.Build.0 = Release|Any CPU
		{3B204DC5-C1BC-41F7-9993-43592ED96FE9}.Debug|Any CPU.ActiveCfg = Debug|Any CPU
		{3B204DC5-C1BC-41F7-9993-43592ED96FE9}.Debug|Any CPU.Build.0 = Debug|Any CPU
		{3B204DC5-C1BC-41F7-9993-43592ED96FE9}.Release|Any CPU.ActiveCfg = Release|Any CPU
		{3B204DC5-C1BC-41F7-9993-43592ED96FE9}.Release|Any CPU.Build.0 = Release|Any CPU
		{089CE055-3AFE-47C8-889B-9E067CC98368}.Debug|Any CPU.ActiveCfg = Debug|Any CPU
		{089CE055-3AFE-47C8-889B-9E067CC98368}.Debug|Any CPU.Build.0 = Debug|Any CPU
		{089CE055-3AFE-47C8-889B-9E067CC98368}.Release|Any CPU.ActiveCfg = Release|Any CPU
		{089CE055-3AFE-47C8-889B-9E067CC98368}.Release|Any CPU.Build.0 = Release|Any CPU
		{93EBBC0E-1FF4-42B0-98A4-D6D529D089CF}.Debug|Any CPU.ActiveCfg = Debug|Any CPU
		{93EBBC0E-1FF4-42B0-98A4-D6D529D089CF}.Debug|Any CPU.Build.0 = Debug|Any CPU
		{93EBBC0E-1FF4-42B0-98A4-D6D529D089CF}.Release|Any CPU.ActiveCfg = Release|Any CPU
		{93EBBC0E-1FF4-42B0-98A4-D6D529D089CF}.Release|Any CPU.Build.0 = Release|Any CPU
		{C5AD46B6-F430-4AAC-B425-8ACB9BA49B13}.Debug|Any CPU.ActiveCfg = Debug|Any CPU
		{C5AD46B6-F430-4AAC-B425-8ACB9BA49B13}.Debug|Any CPU.Build.0 = Debug|Any CPU
		{C5AD46B6-F430-4AAC-B425-8ACB9BA49B13}.Release|Any CPU.ActiveCfg = Release|Any CPU
		{C5AD46B6-F430-4AAC-B425-8ACB9BA49B13}.Release|Any CPU.Build.0 = Release|Any CPU
		{F4DB64C9-C36B-4989-A22D-8C417E76CD50}.Debug|Any CPU.ActiveCfg = Debug|Any CPU
		{F4DB64C9-C36B-4989-A22D-8C417E76CD50}.Debug|Any CPU.Build.0 = Debug|Any CPU
		{F4DB64C9-C36B-4989-A22D-8C417E76CD50}.Release|Any CPU.ActiveCfg = Release|Any CPU
		{F4DB64C9-C36B-4989-A22D-8C417E76CD50}.Release|Any CPU.Build.0 = Release|Any CPU
		{1ACC51AF-93E0-45B2-89D3-42471070C8F7}.Debug|Any CPU.ActiveCfg = Debug|Any CPU
		{1ACC51AF-93E0-45B2-89D3-42471070C8F7}.Debug|Any CPU.Build.0 = Debug|Any CPU
		{1ACC51AF-93E0-45B2-89D3-42471070C8F7}.Release|Any CPU.ActiveCfg = Release|Any CPU
		{1ACC51AF-93E0-45B2-89D3-42471070C8F7}.Release|Any CPU.Build.0 = Release|Any CPU
	EndGlobalSection
	GlobalSection(SolutionProperties) = preSolution
		HideSolutionNode = FALSE
	EndGlobalSection
	GlobalSection(ExtensibilityGlobals) = postSolution
		SolutionGuid = {7B394E02-0C72-4349-A85D-8F8F116E5348}
	EndGlobalSection
EndGlobal
